
Microsoft Visual Studio Solution File, Format Version 11.00
# Visual Studio 2010
Project("{FAE04EC0-301F-11D3-BF4B-00C04F79EFBC}") = "FluentLucene", "src\FluentLucene\FluentLucene.csproj", "{73FC2396-8C7E-4EDB-B889-652E568A4776}"
EndProject
Project("{FAE04EC0-301F-11D3-BF4B-00C04F79EFBC}") = "FluentLucene.Tests", "src\FluentLucene.Tests\FluentLucene.Tests.csproj", "{4742FF23-FCE7-4482-AF64-4EB1677D1457}"
EndProject
Global
	GlobalSection(SolutionConfigurationPlatforms) = preSolution
		Debug|Any CPU = Debug|Any CPU
		Release|Any CPU = Release|Any CPU
	EndGlobalSection
	GlobalSection(ProjectConfigurationPlatforms) = postSolution
		{73FC2396-8C7E-4EDB-B889-652E568A4776}.Debug|Any CPU.ActiveCfg = Debug|Any CPU
		{73FC2396-8C7E-4EDB-B889-652E568A4776}.Debug|Any CPU.Build.0 = Debug|Any CPU
		{73FC2396-8C7E-4EDB-B889-652E568A4776}.Release|Any CPU.ActiveCfg = Release|Any CPU
		{73FC2396-8C7E-4EDB-B889-652E568A4776}.Release|Any CPU.Build.0 = Release|Any CPU
		{4742FF23-FCE7-4482-AF64-4EB1677D1457}.Debug|Any CPU.ActiveCfg = Debug|Any CPU
		{4742FF23-FCE7-4482-AF64-4EB1677D1457}.Debug|Any CPU.Build.0 = Debug|Any CPU
		{4742FF23-FCE7-4482-AF64-4EB1677D1457}.Release|Any CPU.ActiveCfg = Release|Any CPU
		{4742FF23-FCE7-4482-AF64-4EB1677D1457}.Release|Any CPU.Build.0 = Release|Any CPU
	EndGlobalSection
	GlobalSection(SolutionProperties) = preSolution
		HideSolutionNode = FALSE
	EndGlobalSection
EndGlobal
